
Microsoft Visual Studio Solution File, Format Version 12.00
# Visual Studio Version 16
VisualStudioVersion = 16.0.30611.23
MinimumVisualStudioVersion = 10.0.40219.1
Project("{2150E333-8FDC-42A3-9474-1A3956D46DE8}") = "src", "src", "{DF639F74-44F1-41CE-8F6A-431343A0B3AF}"
EndProject
Project("{2150E333-8FDC-42A3-9474-1A3956D46DE8}") = "tests", "tests", "{9362D85D-BE59-42B1-8B86-1A8BCE4E43BF}"
EndProject
Project("{2150E333-8FDC-42A3-9474-1A3956D46DE8}") = "API", "API", "{DEB4D93C-3470-4A8D-B1CE-4D06E5348C88}"
EndProject
Project("{2150E333-8FDC-42A3-9474-1A3956D46DE8}") = "Core", "Core", "{CE597131-5042-4FBD-8385-956545EFE29F}"
EndProject
Project("{2150E333-8FDC-42A3-9474-1A3956D46DE8}") = "Infrastructure", "Infrastructure", "{79BF184C-69A3-4630-B118-03855AADB243}"
EndProject
Project("{FAE04EC0-301F-11D3-BF4B-00C04F79EFBC}") = "AesCryptoLib.Api", "src\API\AesCryptoLib.Api\AesCryptoLib.Api.csproj", "{DADC829A-1467-4278-8F44-2D04D2D58755}"
EndProject
Project("{FAE04EC0-301F-11D3-BF4B-00C04F79EFBC}") = "AesCryptoLib.Api.NUnit.Tests", "tests\AesCryptoLib.Api.NUnit.Tests\AesCryptoLib.Api.NUnit.Tests.csproj", "{B4D5355B-48B4-4156-8480-36E67C6E1B78}"
EndProject
Project("{2150E333-8FDC-42A3-9474-1A3956D46DE8}") = "Application", "Application", "{C17477B5-E5C3-4126-92D3-99B09D050ABF}"
EndProject
Project("{2150E333-8FDC-42A3-9474-1A3956D46DE8}") = "CommonModels", "CommonModels", "{9F872D71-3948-4019-AE15-CA3A5CED2F27}"
EndProject
Project("{2150E333-8FDC-42A3-9474-1A3956D46DE8}") = "Contracts", "Contracts", "{1A978707-0DDD-49DE-9110-6B2A74121CEA}"
EndProject
Project("{FAE04EC0-301F-11D3-BF4B-00C04F79EFBC}") = "AesCryptoLib.JsonParser", "AesCryptoLib.JsonParser\AesCryptoLib.JsonParser.csproj", "{7DD976CC-9D6C-4E60-BBF4-7BBB114F724D}"
EndProject
Global
	GlobalSection(SolutionConfigurationPlatforms) = preSolution
		Debug|Any CPU = Debug|Any CPU
		Release|Any CPU = Release|Any CPU
	EndGlobalSection
	GlobalSection(ProjectConfigurationPlatforms) = postSolution
		{DADC829A-1467-4278-8F44-2D04D2D58755}.Debug|Any CPU.ActiveCfg = Debug|Any CPU
		{DADC829A-1467-4278-8F44-2D04D2D58755}.Debug|Any CPU.Build.0 = Debug|Any CPU
		{DADC829A-1467-4278-8F44-2D04D2D58755}.Release|Any CPU.ActiveCfg = Release|Any CPU
		{DADC829A-1467-4278-8F44-2D04D2D58755}.Release|Any CPU.Build.0 = Release|Any CPU
		{B4D5355B-48B4-4156-8480-36E67C6E1B78}.Debug|Any CPU.ActiveCfg = Debug|Any CPU
		{B4D5355B-48B4-4156-8480-36E67C6E1B78}.Debug|Any CPU.Build.0 = Debug|Any CPU
		{B4D5355B-48B4-4156-8480-36E67C6E1B78}.Release|Any CPU.ActiveCfg = Release|Any CPU
		{B4D5355B-48B4-4156-8480-36E67C6E1B78}.Release|Any CPU.Build.0 = Release|Any CPU
		{7DD976CC-9D6C-4E60-BBF4-7BBB114F724D}.Debug|Any CPU.ActiveCfg = Debug|Any CPU
		{7DD976CC-9D6C-4E60-BBF4-7BBB114F724D}.Debug|Any CPU.Build.0 = Debug|Any CPU
		{7DD976CC-9D6C-4E60-BBF4-7BBB114F724D}.Release|Any CPU.ActiveCfg = Release|Any CPU
		{7DD976CC-9D6C-4E60-BBF4-7BBB114F724D}.Release|Any CPU.Build.0 = Release|Any CPU
	EndGlobalSection
	GlobalSection(SolutionProperties) = preSolution
		HideSolutionNode = FALSE
	EndGlobalSection
	GlobalSection(NestedProjects) = preSolution
		{DEB4D93C-3470-4A8D-B1CE-4D06E5348C88} = {DF639F74-44F1-41CE-8F6A-431343A0B3AF}
		{CE597131-5042-4FBD-8385-956545EFE29F} = {DF639F74-44F1-41CE-8F6A-431343A0B3AF}
		{79BF184C-69A3-4630-B118-03855AADB243} = {DF639F74-44F1-41CE-8F6A-431343A0B3AF}
		{DADC829A-1467-4278-8F44-2D04D2D58755} = {DEB4D93C-3470-4A8D-B1CE-4D06E5348C88}
		{B4D5355B-48B4-4156-8480-36E67C6E1B78} = {9362D85D-BE59-42B1-8B86-1A8BCE4E43BF}
		{C17477B5-E5C3-4126-92D3-99B09D050ABF} = {CE597131-5042-4FBD-8385-956545EFE29F}
		{9F872D71-3948-4019-AE15-CA3A5CED2F27} = {CE597131-5042-4FBD-8385-956545EFE29F}
		{1A978707-0DDD-49DE-9110-6B2A74121CEA} = {CE597131-5042-4FBD-8385-956545EFE29F}
		{7DD976CC-9D6C-4E60-BBF4-7BBB114F724D} = {79BF184C-69A3-4630-B118-03855AADB243}
	EndGlobalSection
	GlobalSection(ExtensibilityGlobals) = postSolution
		SolutionGuid = {8ADE5A47-DB17-43D2-86FB-CCF4C8F2C015}
	EndGlobalSection
EndGlobal
